{
  "name": "test-lumina-pkg",
  "version": "0.1.0",
  "lockfileVersion": 3,
  "requires": true,
  "packages": {
    "": {
      "name": "test-lumina-pkg",
      "version": "0.1.0",
      "dependencies": {
        "@lumina/test-utils": "file:test-pkg",
        "lodash": "^4.17.23"
      }
    },
    "node_modules/@lumina/test-utils": {
      "resolved": "test-pkg",
      "link": true
    },
    "node_modules/lodash": {
      "version": "4.17.23",
      "resolved": "https://registry.npmjs.org/lodash/-/lodash-4.17.23.tgz",
      "integrity": "sha512-LgVTMpQtIopCi79SJeDiP0TfWi5CNEc/L/aRdTh3yIvmZXTnheWpKjSZhnvMl8iXbC1tFg9gdHHDMLoV7CnG+w==",
      "license": "MIT"
    },
    "test-pkg": {
      "name": "@lumina/test-utils",
      "version": "0.1.0"
    }
  }
}
